// !$*UTF8*$!
{
	archiveVersion = 1;
	classes = {
	};
	objectVersion = 50;
	objects = {

/* Begin PBXBuildFile section */
		CF758D7B265D5B4300C1D009 /* AppDelegate.swift in Sources */ = {isa = PBXBuildFile; fileRef = CF758D7A265D5B4300C1D009 /* AppDelegate.swift */; };
		CF758D82265D5B4300C1D009 /* Main.storyboard in Resources */ = {isa = PBXBuildFile; fileRef = CF758D80265D5B4300C1D009 /* Main.storyboard */; };
		CF758D84265D5B4600C1D009 /* Assets.xcassets in Resources */ = {isa = PBXBuildFile; fileRef = CF758D83265D5B4600C1D009 /* Assets.xcassets */; };
		CF758D87265D5B4600C1D009 /* LaunchScreen.storyboard in Resources */ = {isa = PBXBuildFile; fileRef = CF758D85265D5B4600C1D009 /* LaunchScreen.storyboard */; };
		CF758D92265D5B4600C1D009 /* carsalesTests.swift in Sources */ = {isa = PBXBuildFile; fileRef = CF758D91265D5B4600C1D009 /* carsalesTests.swift */; };
		CF758D9D265D5B4600C1D009 /* carsalesUITests.swift in Sources */ = {isa = PBXBuildFile; fileRef = CF758D9C265D5B4600C1D009 /* carsalesUITests.swift */; };
		CF758DCF265D676600C1D009 /* GetCarsOperation.swift in Sources */ = {isa = PBXBuildFile; fileRef = CF758DC3265D676600C1D009 /* GetCarsOperation.swift */; };
		CF758DD0265D676600C1D009 /* CarsalesRequest.swift in Sources */ = {isa = PBXBuildFile; fileRef = CF758DC4265D676600C1D009 /* CarsalesRequest.swift */; };
		CF758DD1265D676600C1D009 /* Response.swift in Sources */ = {isa = PBXBuildFile; fileRef = CF758DC7265D676600C1D009 /* Response.swift */; };
		CF758DD2265D676600C1D009 /* NetworkError.swift in Sources */ = {isa = PBXBuildFile; fileRef = CF758DC9265D676600C1D009 /* NetworkError.swift */; };
		CF758DD3265D676600C1D009 /* Environment.swift in Sources */ = {isa = PBXBuildFile; fileRef = CF758DCB265D676600C1D009 /* Environment.swift */; };
		CF758DD4265D676600C1D009 /* Request.swift in Sources */ = {isa = PBXBuildFile; fileRef = CF758DCC265D676600C1D009 /* Request.swift */; };
		CF758DD5265D676600C1D009 /* RequestDispatcher.swift in Sources */ = {isa = PBXBuildFile; fileRef = CF758DCD265D676600C1D009 /* RequestDispatcher.swift */; };
		CF758DD6265D676600C1D009 /* Operation.swift in Sources */ = {isa = PBXBuildFile; fileRef = CF758DCE265D676600C1D009 /* Operation.swift */; };
		CF758DDF265D67BB00C1D009 /* Car.swift in Sources */ = {isa = PBXBuildFile; fileRef = CF758DDE265D67BB00C1D009 /* Car.swift */; };
		CF758DE7265D69EF00C1D009 /* Result.swift in Sources */ = {isa = PBXBuildFile; fileRef = CF758DE6265D69EF00C1D009 /* Result.swift */; };
		CF758DF6265D77E400C1D009 /* CarsListViewModel.swift in Sources */ = {isa = PBXBuildFile; fileRef = CF758DF5265D77E400C1D009 /* CarsListViewModel.swift */; };
		CF758DFE265D7B0900C1D009 /* CarsListViewController.swift in Sources */ = {isa = PBXBuildFile; fileRef = CF758DFD265D7B0900C1D009 /* CarsListViewController.swift */; };
		CF758E05265D7C2100C1D009 /* CarsListCollectionViewCell.swift in Sources */ = {isa = PBXBuildFile; fileRef = CF758E04265D7C2100C1D009 /* CarsListCollectionViewCell.swift */; };
/* End PBXBuildFile section */

/* Begin PBXContainerItemProxy section */
		CF758D8E265D5B4600C1D009 /* PBXContainerItemProxy */ = {
			isa = PBXContainerItemProxy;
			containerPortal = CF758D6F265D5B4300C1D009 /* Project object */;
			proxyType = 1;
			remoteGlobalIDString = CF758D76265D5B4300C1D009;
			remoteInfo = carsales;
		};
		CF758D99265D5B4600C1D009 /* PBXContainerItemProxy */ = {
			isa = PBXContainerItemProxy;
			containerPortal = CF758D6F265D5B4300C1D009 /* Project object */;
			proxyType = 1;
			remoteGlobalIDString = CF758D76265D5B4300C1D009;
			remoteInfo = carsales;
		};
/* End PBXContainerItemProxy section */

/* Begin PBXFileReference section */
		CF758D77265D5B4300C1D009 /* carsales.app */ = {isa = PBXFileReference; explicitFileType = wrapper.application; includeInIndex = 0; path = carsales.app; sourceTree = BUILT_PRODUCTS_DIR; };
		CF758D7A265D5B4300C1D009 /* AppDelegate.swift */ = {isa = PBXFileReference; lastKnownFileType = sourcecode.swift; path = AppDelegate.swift; sourceTree = "<group>"; };
		CF758D81265D5B4300C1D009 /* Base */ = {isa = PBXFileReference; lastKnownFileType = file.storyboard; name = Base; path = Base.lproj/Main.storyboard; sourceTree = "<group>"; };
		CF758D83265D5B4600C1D009 /* Assets.xcassets */ = {isa = PBXFileReference; lastKnownFileType = folder.assetcatalog; path = Assets.xcassets; sourceTree = "<group>"; };
		CF758D86265D5B4600C1D009 /* Base */ = {isa = PBXFileReference; lastKnownFileType = file.storyboard; name = Base; path = Base.lproj/LaunchScreen.storyboard; sourceTree = "<group>"; };
		CF758D88265D5B4600C1D009 /* Info.plist */ = {isa = PBXFileReference; lastKnownFileType = text.plist.xml; path = Info.plist; sourceTree = "<group>"; };
		CF758D8D265D5B4600C1D009 /* carsalesTests.xctest */ = {isa = PBXFileReference; explicitFileType = wrapper.cfbundle; includeInIndex = 0; path = carsalesTests.xctest; sourceTree = BUILT_PRODUCTS_DIR; };
		CF758D91265D5B4600C1D009 /* carsalesTests.swift */ = {isa = PBXFileReference; lastKnownFileType = sourcecode.swift; path = carsalesTests.swift; sourceTree = "<group>"; };
		CF758D93265D5B4600C1D009 /* Info.plist */ = {isa = PBXFileReference; lastKnownFileType = text.plist.xml; path = Info.plist; sourceTree = "<group>"; };
		CF758D98265D5B4600C1D009 /* carsalesUITests.xctest */ = {isa = PBXFileReference; explicitFileType = wrapper.cfbundle; includeInIndex = 0; path = carsalesUITests.xctest; sourceTree = BUILT_PRODUCTS_DIR; };
		CF758D9C265D5B4600C1D009 /* carsalesUITests.swift */ = {isa = PBXFileReference; lastKnownFileType = sourcecode.swift; path = carsalesUITests.swift; sourceTree = "<group>"; };
		CF758D9E265D5B4600C1D009 /* Info.plist */ = {isa = PBXFileReference; lastKnownFileType = text.plist.xml; path = Info.plist; sourceTree = "<group>"; };
		CF758DC3265D676600C1D009 /* GetCarsOperation.swift */ = {isa = PBXFileReference; fileEncoding = 4; lastKnownFileType = sourcecode.swift; path = GetCarsOperation.swift; sourceTree = "<group>"; };
		CF758DC4265D676600C1D009 /* CarsalesRequest.swift */ = {isa = PBXFileReference; fileEncoding = 4; lastKnownFileType = sourcecode.swift; path = CarsalesRequest.swift; sourceTree = "<group>"; };
		CF758DC7265D676600C1D009 /* Response.swift */ = {isa = PBXFileReference; fileEncoding = 4; lastKnownFileType = sourcecode.swift; path = Response.swift; sourceTree = "<group>"; };
		CF758DC9265D676600C1D009 /* NetworkError.swift */ = {isa = PBXFileReference; fileEncoding = 4; lastKnownFileType = sourcecode.swift; path = NetworkError.swift; sourceTree = "<group>"; };
		CF758DCB265D676600C1D009 /* Environment.swift */ = {isa = PBXFileReference; fileEncoding = 4; lastKnownFileType = sourcecode.swift; path = Environment.swift; sourceTree = "<group>"; };
		CF758DCC265D676600C1D009 /* Request.swift */ = {isa = PBXFileReference; fileEncoding = 4; lastKnownFileType = sourcecode.swift; path = Request.swift; sourceTree = "<group>"; };
		CF758DCD265D676600C1D009 /* RequestDispatcher.swift */ = {isa = PBXFileReference; fileEncoding = 4; lastKnownFileType = sourcecode.swift; path = RequestDispatcher.swift; sourceTree = "<group>"; };
		CF758DCE265D676600C1D009 /* Operation.swift */ = {isa = PBXFileReference; fileEncoding = 4; lastKnownFileType = sourcecode.swift; path = Operation.swift; sourceTree = "<group>"; };
		CF758DDE265D67BB00C1D009 /* Car.swift */ = {isa = PBXFileReference; lastKnownFileType = sourcecode.swift; path = Car.swift; sourceTree = "<group>"; };
		CF758DE6265D69EF00C1D009 /* Result.swift */ = {isa = PBXFileReference; lastKnownFileType = sourcecode.swift; path = Result.swift; sourceTree = "<group>"; };
		CF758DF5265D77E400C1D009 /* CarsListViewModel.swift */ = {isa = PBXFileReference; lastKnownFileType = sourcecode.swift; path = CarsListViewModel.swift; sourceTree = "<group>"; };
		CF758DFD265D7B0900C1D009 /* CarsListViewController.swift */ = {isa = PBXFileReference; lastKnownFileType = sourcecode.swift; path = CarsListViewController.swift; sourceTree = "<group>"; };
		CF758E04265D7C2100C1D009 /* CarsListCollectionViewCell.swift */ = {isa = PBXFileReference; lastKnownFileType = sourcecode.swift; path = CarsListCollectionViewCell.swift; sourceTree = "<group>"; };
/* End PBXFileReference section */

/* Begin PBXFrameworksBuildPhase section */
		CF758D74265D5B4300C1D009 /* Frameworks */ = {
			isa = PBXFrameworksBuildPhase;
			buildActionMask = 2147483647;
			files = (
			);
			runOnlyForDeploymentPostprocessing = 0;
		};
		CF758D8A265D5B4600C1D009 /* Frameworks */ = {
			isa = PBXFrameworksBuildPhase;
			buildActionMask = 2147483647;
			files = (
			);
			runOnlyForDeploymentPostprocessing = 0;
		};
		CF758D95265D5B4600C1D009 /* Frameworks */ = {
			isa = PBXFrameworksBuildPhase;
			buildActionMask = 2147483647;
			files = (
			);
			runOnlyForDeploymentPostprocessing = 0;
		};
/* End PBXFrameworksBuildPhase section */

/* Begin PBXGroup section */
		CF758D6E265D5B4300C1D009 = {
			isa = PBXGroup;
			children = (
				CF758D79265D5B4300C1D009 /* carsales */,
				CF758D90265D5B4600C1D009 /* carsalesTests */,
				CF758D9B265D5B4600C1D009 /* carsalesUITests */,
				CF758D78265D5B4300C1D009 /* Products */,
			);
			sourceTree = "<group>";
		};
		CF758D78265D5B4300C1D009 /* Products */ = {
			isa = PBXGroup;
			children = (
				CF758D77265D5B4300C1D009 /* carsales.app */,
				CF758D8D265D5B4600C1D009 /* carsalesTests.xctest */,
				CF758D98265D5B4600C1D009 /* carsalesUITests.xctest */,
			);
			name = Products;
			sourceTree = "<group>";
		};
		CF758D79265D5B4300C1D009 /* carsales */ = {
			isa = PBXGroup;
			children = (
				CF758E02265D7BE700C1D009 /* Views */,
				CF758DEB265D74F200C1D009 /* ViewModels */,
				CF758DDD265D67AD00C1D009 /* Models */,
				CF758DC5265D676600C1D009 /* Networking */,
				CF758DC1265D676600C1D009 /* NetworkClient */,
				CF758D7A265D5B4300C1D009 /* AppDelegate.swift */,
				CF758D80265D5B4300C1D009 /* Main.storyboard */,
				CF758D83265D5B4600C1D009 /* Assets.xcassets */,
				CF758D85265D5B4600C1D009 /* LaunchScreen.storyboard */,
				CF758D88265D5B4600C1D009 /* Info.plist */,
			);
			path = carsales;
			sourceTree = "<group>";
		};
		CF758D90265D5B4600C1D009 /* carsalesTests */ = {
			isa = PBXGroup;
			children = (
				CF758D91265D5B4600C1D009 /* carsalesTests.swift */,
				CF758D93265D5B4600C1D009 /* Info.plist */,
			);
			path = carsalesTests;
			sourceTree = "<group>";
		};
		CF758D9B265D5B4600C1D009 /* carsalesUITests */ = {
			isa = PBXGroup;
			children = (
				CF758D9C265D5B4600C1D009 /* carsalesUITests.swift */,
				CF758D9E265D5B4600C1D009 /* Info.plist */,
			);
			path = carsalesUITests;
			sourceTree = "<group>";
		};
		CF758DC1265D676600C1D009 /* NetworkClient */ = {
			isa = PBXGroup;
			children = (
				CF758DC4265D676600C1D009 /* CarsalesRequest.swift */,
				CF758DC2265D676600C1D009 /* NetworkOperations */,
			);
			path = NetworkClient;
			sourceTree = "<group>";
		};
		CF758DC2265D676600C1D009 /* NetworkOperations */ = {
			isa = PBXGroup;
			children = (
				CF758DC3265D676600C1D009 /* GetCarsOperation.swift */,
			);
			path = NetworkOperations;
			sourceTree = "<group>";
		};
		CF758DC5265D676600C1D009 /* Networking */ = {
			isa = PBXGroup;
			children = (
				CF758DC6265D676600C1D009 /* Response */,
				CF758DC8265D676600C1D009 /* ErrorHandling */,
				CF758DCA265D676600C1D009 /* Request */,
			);
			path = Networking;
			sourceTree = "<group>";
		};
		CF758DC6265D676600C1D009 /* Response */ = {
			isa = PBXGroup;
			children = (
				CF758DC7265D676600C1D009 /* Response.swift */,
			);
			path = Response;
			sourceTree = "<group>";
		};
		CF758DC8265D676600C1D009 /* ErrorHandling */ = {
			isa = PBXGroup;
			children = (
				CF758DC9265D676600C1D009 /* NetworkError.swift */,
			);
			path = ErrorHandling;
			sourceTree = "<group>";
		};
		CF758DCA265D676600C1D009 /* Request */ = {
			isa = PBXGroup;
			children = (
				CF758DCB265D676600C1D009 /* Environment.swift */,
				CF758DCC265D676600C1D009 /* Request.swift */,
				CF758DCD265D676600C1D009 /* RequestDispatcher.swift */,
				CF758DCE265D676600C1D009 /* Operation.swift */,
			);
			path = Request;
			sourceTree = "<group>";
		};
		CF758DDD265D67AD00C1D009 /* Models */ = {
			isa = PBXGroup;
			children = (
				CF758DDE265D67BB00C1D009 /* Car.swift */,
				CF758DE6265D69EF00C1D009 /* Result.swift */,
			);
			path = Models;
			sourceTree = "<group>";
		};
		CF758DEB265D74F200C1D009 /* ViewModels */ = {
			isa = PBXGroup;
			children = (
				CF758DF5265D77E400C1D009 /* CarsListViewModel.swift */,
			);
			path = ViewModels;
			sourceTree = "<group>";
		};
		CF758DEC265D74FC00C1D009 /* ViewControllers */ = {
			isa = PBXGroup;
			children = (
				CF758DFD265D7B0900C1D009 /* CarsListViewController.swift */,
			);
			path = ViewControllers;
			sourceTree = "<group>";
		};
		CF758E02265D7BE700C1D009 /* Views */ = {
			isa = PBXGroup;
			children = (
				CF758E03265D7BF900C1D009 /* Cells */,
				CF758DEC265D74FC00C1D009 /* ViewControllers */,
			);
			path = Views;
			sourceTree = "<group>";
		};
		CF758E03265D7BF900C1D009 /* Cells */ = {
			isa = PBXGroup;
			children = (
				CF758E04265D7C2100C1D009 /* CarsListCollectionViewCell.swift */,
			);
			path = Cells;
			sourceTree = "<group>";
		};
/* End PBXGroup section */

/* Begin PBXNativeTarget section */
		CF758D76265D5B4300C1D009 /* carsales */ = {
			isa = PBXNativeTarget;
			buildConfigurationList = CF758DA1265D5B4600C1D009 /* Build configuration list for PBXNativeTarget "carsales" */;
			buildPhases = (
				CF758D73265D5B4300C1D009 /* Sources */,
				CF758D74265D5B4300C1D009 /* Frameworks */,
				CF758D75265D5B4300C1D009 /* Resources */,
			);
			buildRules = (
			);
			dependencies = (
			);
			name = carsales;
			productName = carsales;
			productReference = CF758D77265D5B4300C1D009 /* carsales.app */;
			productType = "com.apple.product-type.application";
		};
		CF758D8C265D5B4600C1D009 /* carsalesTests */ = {
			isa = PBXNativeTarget;
			buildConfigurationList = CF758DA4265D5B4600C1D009 /* Build configuration list for PBXNativeTarget "carsalesTests" */;
			buildPhases = (
				CF758D89265D5B4600C1D009 /* Sources */,
				CF758D8A265D5B4600C1D009 /* Frameworks */,
				CF758D8B265D5B4600C1D009 /* Resources */,
			);
			buildRules = (
			);
			dependencies = (
				CF758D8F265D5B4600C1D009 /* PBXTargetDependency */,
			);
			name = carsalesTests;
			productName = carsalesTests;
			productReference = CF758D8D265D5B4600C1D009 /* carsalesTests.xctest */;
			productType = "com.apple.product-type.bundle.unit-test";
		};
		CF758D97265D5B4600C1D009 /* carsalesUITests */ = {
			isa = PBXNativeTarget;
			buildConfigurationList = CF758DA7265D5B4600C1D009 /* Build configuration list for PBXNativeTarget "carsalesUITests" */;
			buildPhases = (
				CF758D94265D5B4600C1D009 /* Sources */,
				CF758D95265D5B4600C1D009 /* Frameworks */,
				CF758D96265D5B4600C1D009 /* Resources */,
			);
			buildRules = (
			);
			dependencies = (
				CF758D9A265D5B4600C1D009 /* PBXTargetDependency */,
			);
			name = carsalesUITests;
			productName = carsalesUITests;
			productReference = CF758D98265D5B4600C1D009 /* carsalesUITests.xctest */;
			productType = "com.apple.product-type.bundle.ui-testing";
		};
/* End PBXNativeTarget section */

/* Begin PBXProject section */
		CF758D6F265D5B4300C1D009 /* Project object */ = {
			isa = PBXProject;
			attributes = {
				LastSwiftUpdateCheck = 1230;
				LastUpgradeCheck = 1230;
				TargetAttributes = {
					CF758D76265D5B4300C1D009 = {
						CreatedOnToolsVersion = 12.3;
					};
					CF758D8C265D5B4600C1D009 = {
						CreatedOnToolsVersion = 12.3;
						TestTargetID = CF758D76265D5B4300C1D009;
					};
					CF758D97265D5B4600C1D009 = {
						CreatedOnToolsVersion = 12.3;
						TestTargetID = CF758D76265D5B4300C1D009;
					};
				};
			};
			buildConfigurationList = CF758D72265D5B4300C1D009 /* Build configuration list for PBXProject "carsales" */;
			compatibilityVersion = "Xcode 9.3";
			developmentRegion = en;
			hasScannedForEncodings = 0;
			knownRegions = (
				en,
				Base,
			);
			mainGroup = CF758D6E265D5B4300C1D009;
			productRefGroup = CF758D78265D5B4300C1D009 /* Products */;
			projectDirPath = "";
			projectRoot = "";
			targets = (
				CF758D76265D5B4300C1D009 /* carsales */,
				CF758D8C265D5B4600C1D009 /* carsalesTests */,
				CF758D97265D5B4600C1D009 /* carsalesUITests */,
			);
		};
/* End PBXProject section */

/* Begin PBXResourcesBuildPhase section */
		CF758D75265D5B4300C1D009 /* Resources */ = {
			isa = PBXResourcesBuildPhase;
			buildActionMask = 2147483647;
			files = (
				CF758D87265D5B4600C1D009 /* LaunchScreen.storyboard in Resources */,
				CF758D84265D5B4600C1D009 /* Assets.xcassets in Resources */,
				CF758D82265D5B4300C1D009 /* Main.storyboard in Resources */,
			);
			runOnlyForDeploymentPostprocessing = 0;
		};
		CF758D8B265D5B4600C1D009 /* Resources */ = {
			isa = PBXResourcesBuildPhase;
			buildActionMask = 2147483647;
			files = (
			);
			runOnlyForDeploymentPostprocessing = 0;
		};
		CF758D96265D5B4600C1D009 /* Resources */ = {
			isa = PBXResourcesBuildPhase;
			buildActionMask = 2147483647;
			files = (
			);
			runOnlyForDeploymentPostprocessing = 0;
		};
/* End PBXResourcesBuildPhase section */

/* Begin PBXSourcesBuildPhase section */
		CF758D73265D5B4300C1D009 /* Sources */ = {
			isa = PBXSourcesBuildPhase;
			buildActionMask = 2147483647;
			files = (
				CF758DD4265D676600C1D009 /* Request.swift in Sources */,
				CF758D7B265D5B4300C1D009 /* AppDelegate.swift in Sources */,
				CF758DD6265D676600C1D009 /* Operation.swift in Sources */,
				CF758DFE265D7B0900C1D009 /* CarsListViewController.swift in Sources */,
				CF758DCF265D676600C1D009 /* GetCarsOperation.swift in Sources */,
				CF758DD3265D676600C1D009 /* Environment.swift in Sources */,
				CF758E05265D7C2100C1D009 /* CarsListCollectionViewCell.swift in Sources */,
				CF758DE7265D69EF00C1D009 /* Result.swift in Sources */,
				CF758DD2265D676600C1D009 /* NetworkError.swift in Sources */,
				CF758DDF265D67BB00C1D009 /* Car.swift in Sources */,
				CF758DF6265D77E400C1D009 /* CarsListViewModel.swift in Sources */,
				CF758DD0265D676600C1D009 /* CarsalesRequest.swift in Sources */,
				CF758DD5265D676600C1D009 /* RequestDispatcher.swift in Sources */,
				CF758DD1265D676600C1D009 /* Response.swift in Sources */,
			);
			runOnlyForDeploymentPostprocessing = 0;
		};
		CF758D89265D5B4600C1D009 /* Sources */ = {
			isa = PBXSourcesBuildPhase;
			buildActionMask = 2147483647;
			files = (
				CF758D92265D5B4600C1D009 /* carsalesTests.swift in Sources */,
			);
			runOnlyForDeploymentPostprocessing = 0;
		};
		CF758D94265D5B4600C1D009 /* Sources */ = {
			isa = PBXSourcesBuildPhase;
			buildActionMask = 2147483647;
			files = (
				CF758D9D265D5B4600C1D009 /* carsalesUITests.swift in Sources */,
			);
			runOnlyForDeploymentPostprocessing = 0;
		};
/* End PBXSourcesBuildPhase section */

/* Begin PBXTargetDependency section */
		CF758D8F265D5B4600C1D009 /* PBXTargetDependency */ = {
			isa = PBXTargetDependency;
			target = CF758D76265D5B4300C1D009 /* carsales */;
			targetProxy = CF758D8E265D5B4600C1D009 /* PBXContainerItemProxy */;
		};
		CF758D9A265D5B4600C1D009 /* PBXTargetDependency */ = {
			isa = PBXTargetDependency;
			target = CF758D76265D5B4300C1D009 /* carsales */;
			targetProxy = CF758D99265D5B4600C1D009 /* PBXContainerItemProxy */;
		};
/* End PBXTargetDependency section */

/* Begin PBXVariantGroup section */
		CF758D80265D5B4300C1D009 /* Main.storyboard */ = {
			isa = PBXVariantGroup;
			children = (
				CF758D81265D5B4300C1D009 /* Base */,
			);
			name = Main.storyboard;
			sourceTree = "<group>";
		};
		CF758D85265D5B4600C1D009 /* LaunchScreen.storyboard */ = {
			isa = PBXVariantGroup;
			children = (
				CF758D86265D5B4600C1D009 /* Base */,
			);
			name = LaunchScreen.storyboard;
			sourceTree = "<group>";
		};
/* End PBXVariantGroup section */

/* Begin XCBuildConfiguration section */
		CF758D9F265D5B4600C1D009 /* Debug */ = {
			isa = XCBuildConfiguration;
			buildSettings = {
				ALWAYS_SEARCH_USER_PATHS = NO;
				CLANG_ANALYZER_NONNULL = YES;
				CLANG_ANALYZER_NUMBER_OBJECT_CONVERSION = YES_AGGRESSIVE;
				CLANG_CXX_LANGUAGE_STANDARD = "gnu++14";
				CLANG_CXX_LIBRARY = "libc++";
				CLANG_ENABLE_MODULES = YES;
				CLANG_ENABLE_OBJC_ARC = YES;
				CLANG_ENABLE_OBJC_WEAK = YES;
				CLANG_WARN_BLOCK_CAPTURE_AUTORELEASING = YES;
				CLANG_WARN_BOOL_CONVERSION = YES;
				CLANG_WARN_COMMA = YES;
				CLANG_WARN_CONSTANT_CONVERSION = YES;
				CLANG_WARN_DEPRECATED_OBJC_IMPLEMENTATIONS = YES;
				CLANG_WARN_DIRECT_OBJC_ISA_USAGE = YES_ERROR;
				CLANG_WARN_DOCUMENTATION_COMMENTS = YES;
				CLANG_WARN_EMPTY_BODY = YES;
				CLANG_WARN_ENUM_CONVERSION = YES;
				CLANG_WARN_INFINITE_RECURSION = YES;
				CLANG_WARN_INT_CONVERSION = YES;
				CLANG_WARN_NON_LITERAL_NULL_CONVERSION = YES;
				CLANG_WARN_OBJC_IMPLICIT_RETAIN_SELF = YES;
				CLANG_WARN_OBJC_LITERAL_CONVERSION = YES;
				CLANG_WARN_OBJC_ROOT_CLASS = YES_ERROR;
				CLANG_WARN_QUOTED_INCLUDE_IN_FRAMEWORK_HEADER = YES;
				CLANG_WARN_RANGE_LOOP_ANALYSIS = YES;
				CLANG_WARN_STRICT_PROTOTYPES = YES;
				CLANG_WARN_SUSPICIOUS_MOVE = YES;
				CLANG_WARN_UNGUARDED_AVAILABILITY = YES_AGGRESSIVE;
				CLANG_WARN_UNREACHABLE_CODE = YES;
				CLANG_WARN__DUPLICATE_METHOD_MATCH = YES;
				COPY_PHASE_STRIP = NO;
				DEBUG_INFORMATION_FORMAT = dwarf;
				ENABLE_STRICT_OBJC_MSGSEND = YES;
				ENABLE_TESTABILITY = YES;
				GCC_C_LANGUAGE_STANDARD = gnu11;
				GCC_DYNAMIC_NO_PIC = NO;
				GCC_NO_COMMON_BLOCKS = YES;
				GCC_OPTIMIZATION_LEVEL = 0;
				GCC_PREPROCESSOR_DEFINITIONS = (
					"DEBUG=1",
					"$(inherited)",
				);
				GCC_WARN_64_TO_32_BIT_CONVERSION = YES;
				GCC_WARN_ABOUT_RETURN_TYPE = YES_ERROR;
				GCC_WARN_UNDECLARED_SELECTOR = YES;
				GCC_WARN_UNINITIALIZED_AUTOS = YES_AGGRESSIVE;
				GCC_WARN_UNUSED_FUNCTION = YES;
				GCC_WARN_UNUSED_VARIABLE = YES;
				IPHONEOS_DEPLOYMENT_TARGET = 14.3;
				MTL_ENABLE_DEBUG_INFO = INCLUDE_SOURCE;
				MTL_FAST_MATH = YES;
				ONLY_ACTIVE_ARCH = YES;
				SDKROOT = iphoneos;
				SWIFT_ACTIVE_COMPILATION_CONDITIONS = DEBUG;
				SWIFT_OPTIMIZATION_LEVEL = "-Onone";
			};
			name = Debug;
		};
		CF758DA0265D5B4600C1D009 /* Release */ = {
			isa = XCBuildConfiguration;
			buildSettings = {
				ALWAYS_SEARCH_USER_PATHS = NO;
				CLANG_ANALYZER_NONNULL = YES;
				CLANG_ANALYZER_NUMBER_OBJECT_CONVERSION = YES_AGGRESSIVE;
				CLANG_CXX_LANGUAGE_STANDARD = "gnu++14";
				CLANG_CXX_LIBRARY = "libc++";
				CLANG_ENABLE_MODULES = YES;
				CLANG_ENABLE_OBJC_ARC = YES;
				CLANG_ENABLE_OBJC_WEAK = YES;
				CLANG_WARN_BLOCK_CAPTURE_AUTORELEASING = YES;
				CLANG_WARN_BOOL_CONVERSION = YES;
				CLANG_WARN_COMMA = YES;
				CLANG_WARN_CONSTANT_CONVERSION = YES;
				CLANG_WARN_DEPRECATED_OBJC_IMPLEMENTATIONS = YES;
				CLANG_WARN_DIRECT_OBJC_ISA_USAGE = YES_ERROR;
				CLANG_WARN_DOCUMENTATION_COMMENTS = YES;
				CLANG_WARN_EMPTY_BODY = YES;
				CLANG_WARN_ENUM_CONVERSION = YES;
				CLANG_WARN_INFINITE_RECURSION = YES;
				CLANG_WARN_INT_CONVERSION = YES;
				CLANG_WARN_NON_LITERAL_NULL_CONVERSION = YES;
				CLANG_WARN_OBJC_IMPLICIT_RETAIN_SELF = YES;
				CLANG_WARN_OBJC_LITERAL_CONVERSION = YES;
				CLANG_WARN_OBJC_ROOT_CLASS = YES_ERROR;
				CLANG_WARN_QUOTED_INCLUDE_IN_FRAMEWORK_HEADER = YES;
				CLANG_WARN_RANGE_LOOP_ANALYSIS = YES;
				CLANG_WARN_STRICT_PROTOTYPES = YES;
				CLANG_WARN_SUSPICIOUS_MOVE = YES;
				CLANG_WARN_UNGUARDED_AVAILABILITY = YES_AGGRESSIVE;
				CLANG_WARN_UNREACHABLE_CODE = YES;
				CLANG_WARN__DUPLICATE_METHOD_MATCH = YES;
				COPY_PHASE_STRIP = NO;
				DEBUG_INFORMATION_FORMAT = "dwarf-with-dsym";
				ENABLE_NS_ASSERTIONS = NO;
				ENABLE_STRICT_OBJC_MSGSEND = YES;
				GCC_C_LANGUAGE_STANDARD = gnu11;
				GCC_NO_COMMON_BLOCKS = YES;
				GCC_WARN_64_TO_32_BIT_CONVERSION = YES;
				GCC_WARN_ABOUT_RETURN_TYPE = YES_ERROR;
				GCC_WARN_UNDECLARED_SELECTOR = YES;
				GCC_WARN_UNINITIALIZED_AUTOS = YES_AGGRESSIVE;
				GCC_WARN_UNUSED_FUNCTION = YES;
				GCC_WARN_UNUSED_VARIABLE = YES;
				IPHONEOS_DEPLOYMENT_TARGET = 14.3;
				MTL_ENABLE_DEBUG_INFO = NO;
				MTL_FAST_MATH = YES;
				SDKROOT = iphoneos;
				SWIFT_COMPILATION_MODE = wholemodule;
				SWIFT_OPTIMIZATION_LEVEL = "-O";
				VALIDATE_PRODUCT = YES;
			};
			name = Release;
		};
		CF758DA2265D5B4600C1D009 /* Debug */ = {
			isa = XCBuildConfiguration;
			buildSettings = {
				ASSETCATALOG_COMPILER_APPICON_NAME = AppIcon;
				ASSETCATALOG_COMPILER_GLOBAL_ACCENT_COLOR_NAME = AccentColor;
				CODE_SIGN_STYLE = Automatic;
				INFOPLIST_FILE = carsales/Info.plist;
				IPHONEOS_DEPLOYMENT_TARGET = 12.0;
				LD_RUNPATH_SEARCH_PATHS = (
					"$(inherited)",
					"@executable_path/Frameworks",
				);
				PRODUCT_BUNDLE_IDENTIFIER = com.sayaleepote.carsales;
				PRODUCT_NAME = "$(TARGET_NAME)";
				SWIFT_VERSION = 5.0;
				TARGETED_DEVICE_FAMILY = "1,2";
			};
			name = Debug;
		};
		CF758DA3265D5B4600C1D009 /* Release */ = {
			isa = XCBuildConfiguration;
			buildSettings = {
				ASSETCATALOG_COMPILER_APPICON_NAME = AppIcon;
				ASSETCATALOG_COMPILER_GLOBAL_ACCENT_COLOR_NAME = AccentColor;
				CODE_SIGN_STYLE = Automatic;
				INFOPLIST_FILE = carsales/Info.plist;
				IPHONEOS_DEPLOYMENT_TARGET = 12.0;
				LD_RUNPATH_SEARCH_PATHS = (
					"$(inherited)",
					"@executable_path/Frameworks",
				);
				PRODUCT_BUNDLE_IDENTIFIER = com.sayaleepote.carsales;
				PRODUCT_NAME = "$(TARGET_NAME)";
				SWIFT_VERSION = 5.0;
				TARGETED_DEVICE_FAMILY = "1,2";
			};
			name = Release;
		};
		CF758DA5265D5B4600C1D009 /* Debug */ = {
			isa = XCBuildConfiguration;
			buildSettings = {
				ALWAYS_EMBED_SWIFT_STANDARD_LIBRARIES = YES;
				BUNDLE_LOADER = "$(TEST_HOST)";
				CODE_SIGN_STYLE = Automatic;
				INFOPLIST_FILE = carsalesTests/Info.plist;
				IPHONEOS_DEPLOYMENT_TARGET = 14.3;
				LD_RUNPATH_SEARCH_PATHS = (
					"$(inherited)",
					"@executable_path/Frameworks",
					"@loader_path/Frameworks",
				);
				PRODUCT_BUNDLE_IDENTIFIER = com.sayaleepote.carsalesTests;
				PRODUCT_NAME = "$(TARGET_NAME)";
				SWIFT_VERSION = 5.0;
				TARGETED_DEVICE_FAMILY = "1,2";
				TEST_HOST = "$(BUILT_PRODUCTS_DIR)/carsales.app/carsales";
			};
			name = Debug;
		};
		CF758DA6265D5B4600C1D009 /* Release */ = {
			isa = XCBuildConfiguration;
			buildSettings = {
				ALWAYS_EMBED_SWIFT_STANDARD_LIBRARIES = YES;
				BUNDLE_LOADER = "$(TEST_HOST)";
				CODE_SIGN_STYLE = Automatic;
				INFOPLIST_FILE = carsalesTests/Info.plist;
				IPHONEOS_DEPLOYMENT_TARGET = 14.3;
				LD_RUNPATH_SEARCH_PATHS = (
					"$(inherited)",
					"@executable_path/Frameworks",
					"@loader_path/Frameworks",
				);
				PRODUCT_BUNDLE_IDENTIFIER = com.sayaleepote.carsalesTests;
				PRODUCT_NAME = "$(TARGET_NAME)";
				SWIFT_VERSION = 5.0;
				TARGETED_DEVICE_FAMILY = "1,2";
				TEST_HOST = "$(BUILT_PRODUCTS_DIR)/carsales.app/carsales";
			};
			name = Release;
		};
		CF758DA8265D5B4600C1D009 /* Debug */ = {
			isa = XCBuildConfiguration;
			buildSettings = {
				ALWAYS_EMBED_SWIFT_STANDARD_LIBRARIES = YES;
				CODE_SIGN_STYLE = Automatic;
				INFOPLIST_FILE = carsalesUITests/Info.plist;
				LD_RUNPATH_SEARCH_PATHS = (
					"$(inherited)",
					"@executable_path/Frameworks",
					"@loader_path/Frameworks",
				);
				PRODUCT_BUNDLE_IDENTIFIER = com.sayaleepote.carsalesUITests;
				PRODUCT_NAME = "$(TARGET_NAME)";
				SWIFT_VERSION = 5.0;
				TARGETED_DEVICE_FAMILY = "1,2";
				TEST_TARGET_NAME = carsales;
			};
			name = Debug;
		};
		CF758DA9265D5B4600C1D009 /* Release */ = {
			isa = XCBuildConfiguration;
			buildSettings = {
				ALWAYS_EMBED_SWIFT_STANDARD_LIBRARIES = YES;
				CODE_SIGN_STYLE = Automatic;
				INFOPLIST_FILE = carsalesUITests/Info.plist;
				LD_RUNPATH_SEARCH_PATHS = (
					"$(inherited)",
					"@executable_path/Frameworks",
					"@loader_path/Frameworks",
				);
				PRODUCT_BUNDLE_IDENTIFIER = com.sayaleepote.carsalesUITests;
				PRODUCT_NAME = "$(TARGET_NAME)";
				SWIFT_VERSION = 5.0;
				TARGETED_DEVICE_FAMILY = "1,2";
				TEST_TARGET_NAME = carsales;
			};
			name = Release;
		};
/* End XCBuildConfiguration section */

/* Begin XCConfigurationList section */
		CF758D72265D5B4300C1D009 /* Build configuration list for PBXProject "carsales" */ = {
			isa = XCConfigurationList;
			buildConfigurations = (
				CF758D9F265D5B4600C1D009 /* Debug */,
				CF758DA0265D5B4600C1D009 /* Release */,
			);
			defaultConfigurationIsVisible = 0;
			defaultConfigurationName = Release;
		};
		CF758DA1265D5B4600C1D009 /* Build configuration list for PBXNativeTarget "carsales" */ = {
			isa = XCConfigurationList;
			buildConfigurations = (
				CF758DA2265D5B4600C1D009 /* Debug */,
				CF758DA3265D5B4600C1D009 /* Release */,
			);
			defaultConfigurationIsVisible = 0;
			defaultConfigurationName = Release;
		};
		CF758DA4265D5B4600C1D009 /* Build configuration list for PBXNativeTarget "carsalesTests" */ = {
			isa = XCConfigurationList;
			buildConfigurations = (
				CF758DA5265D5B4600C1D009 /* Debug */,
				CF758DA6265D5B4600C1D009 /* Release */,
			);
			defaultConfigurationIsVisible = 0;
			defaultConfigurationName = Release;
		};
		CF758DA7265D5B4600C1D009 /* Build configuration list for PBXNativeTarget "carsalesUITests" */ = {
			isa = XCConfigurationList;
			buildConfigurations = (
				CF758DA8265D5B4600C1D009 /* Debug */,
				CF758DA9265D5B4600C1D009 /* Release */,
			);
			defaultConfigurationIsVisible = 0;
			defaultConfigurationName = Release;
		};
/* End XCConfigurationList section */
	};
	rootObject = CF758D6F265D5B4300C1D009 /* Project object */;
}
